
Microsoft Visual Studio Solution File, Format Version 12.00
# Visual Studio for Mac
Project("{FAE04EC0-301F-11D3-BF4B-00C04F79EFBC}") = "UnityProjectAssignment3", "Assembly-CSharp.csproj", "{0D3D45FD-9C8A-2A54-1D90-6C7CD0302450}"
EndProject
Project("{FAE04EC0-301F-11D3-BF4B-00C04F79EFBC}") = "UnityProjectAssignment3", "Assembly-CSharp-Editor.csproj", "{7D0B3963-780F-4FB4-09DC-B5AB588FB7A7}"
EndProject
Global
	GlobalSection(SolutionConfigurationPlatforms) = preSolution
		Debug|Any CPU = Debug|Any CPU
		Release|Any CPU = Release|Any CPU
	EndGlobalSection
	GlobalSection(ProjectConfigurationPlatforms) = postSolution
		{0D3D45FD-9C8A-2A54-1D90-6C7CD0302450}.Debug|Any CPU.ActiveCfg = Debug|Any CPU
		{0D3D45FD-9C8A-2A54-1D90-6C7CD0302450}.Debug|Any CPU.Build.0 = Debug|Any CPU
		{0D3D45FD-9C8A-2A54-1D90-6C7CD0302450}.Release|Any CPU.ActiveCfg = Release|Any CPU
		{0D3D45FD-9C8A-2A54-1D90-6C7CD0302450}.Release|Any CPU.Build.0 = Release|Any CPU
		{7D0B3963-780F-4FB4-09DC-B5AB588FB7A7}.Debug|Any CPU.ActiveCfg = Debug|Any CPU
		{7D0B3963-780F-4FB4-09DC-B5AB588FB7A7}.Debug|Any CPU.Build.0 = Debug|Any CPU
		{7D0B3963-780F-4FB4-09DC-B5AB588FB7A7}.Release|Any CPU.ActiveCfg = Release|Any CPU
		{7D0B3963-780F-4FB4-09DC-B5AB588FB7A7}.Release|Any CPU.Build.0 = Release|Any CPU
	EndGlobalSection
	GlobalSection(SolutionProperties) = preSolution
		HideSolutionNode = FALSE
	EndGlobalSection
EndGlobal
